dependencies:
- name: prometheus
  repository: https://prometheus-community.github.io/helm-charts
  version: 25.4.0
- name: volsync-app
  repository: file://../volsync-app
  version: 1.0.0
digest: sha256:c80dfc0a412102d57725ba54f103b0c45b91c702d8e4a4065cabe5855e64e66d
generated: "2023-10-29T00:55:32.566132382Z"
