dependencies:
- name: prometheus
  repository: https://prometheus-community.github.io/helm-charts
  version: 25.0.0
- name: volsync-app
  repository: file://../volsync-app
  version: 1.0.0
digest: sha256:12eba783d08fd43f0c361e219a0590d88aada2dc98b172a1257d5656f5e826a6
generated: "2023-09-19T04:22:15.257010132Z"
