dependencies:
- name: prometheus
  repository: https://prometheus-community.github.io/helm-charts
  version: 24.3.0
- name: volsync-app
  repository: file://../volsync-app
  version: 1.0.0
digest: sha256:9ee1bc862565af4e05b6e66531c6d585dba485a314403c15a157b9e961e04d32
generated: "2023-09-05T11:13:55.000329101Z"
