dependencies:
- name: common
  repository: https://fred-drake.github.io/helm
  version: 1.0.0
- name: redis
  repository: file://../redis
  version: 1.0.0
- name: volsync-app
  repository: file://../volsync-app
  version: 1.0.0
- name: volsync-app
  repository: file://../volsync-app
  version: 1.0.0
digest: sha256:26c4d631f01c4fb93d17246362d4885b4bd4cd36f63ba17afab8b34292db0f8d
generated: "2022-12-31T21:56:24.89263-05:00"
