dependencies:
- name: common
  repository: file://../helm-common
  version: 1.0.0
- name: backup
  repository: file://../backup
  version: 1.0.0
- name: volsync-app
  repository: file://../volsync-app
  version: 1.0.0
digest: sha256:33b32c81f0985826b476f0cdb61855279c0db242175a7ecf43e72fe0a88c8623
generated: "2022-12-31T21:52:58.04496-05:00"
