dependencies:
- name: postgresql
  repository: file://../postgresql
  version: 1.0.0
- name: redis
  repository: file://../redis
  version: 1.0.0
- name: volsync-app
  repository: file://../volsync-app
  version: 1.0.0
digest: sha256:e2a34d92426d69d7baf7f27f955639efe86a1ec6484e6b6fd90ac3eaa022e878
generated: "2022-12-31T21:42:45.881895-05:00"
