dependencies:
- name: postgresql
  repository: file://../postgresql
  version: 1.0.0
- name: redis
  repository: file://../redis
  version: 1.0.0
- name: backup
  repository: file://../backup
  version: 1.0.0
- name: volsync-app
  repository: file://../volsync-app
  version: 1.0.0
digest: sha256:fbf19d48bead8a3af43e3ac644b3fb808f04df4e5d1a029c3d0119fb2c55c831
generated: "2022-12-31T21:41:51.391949-05:00"
