dependencies:
- name: postgresql
  repository: file://../postgresql
  version: 1.0.0
- name: redis
  repository: file://../redis
  version: 1.0.0
- name: backup
  repository: file://../backup
  version: 1.0.0
digest: sha256:ca9e2348b401489764c1b5fddd163600f30ed40b710e12c28b6370667d2a3fc9
generated: "2022-12-10T01:02:15.128152-05:00"
