dependencies:
- name: common
  repository: https://fred-drake.github.io/helm
  version: 1.0.0
- name: mysql
  repository: file://../mysql
  version: 1.0.0
- name: volsync-app
  repository: file://../volsync-app
  version: 1.0.0
- name: volsync-app
  repository: file://../volsync-app
  version: 1.0.0
digest: sha256:33007a776534332113f8cc6632ea9b8cea3d7f5fef53706571f7ff4e5703be0f
generated: "2022-12-31T22:07:22.748499-05:00"
