dependencies:
- name: common
  repository: https://fred-drake.github.io/helm
  version: 1.0.0
- name: mysql
  repository: file://../mysql
  version: 1.0.0
- name: volsync-app
  repository: file://../volsync-app
  version: 1.0.0
digest: sha256:00ab2b0a7782298a5a6d50dd2dc72b7d0df9b3fa87ab977e03280d5f0c3986cc
generated: "2022-12-31T21:45:12.744637-05:00"
