dependencies:
- name: prometheus
  repository: https://prometheus-community.github.io/helm-charts
  version: 14.11.0
- name: kube-state-metrics
  repository: https://prometheus-community.github.io/helm-charts
  version: 4.0.0
digest: sha256:879a5fbbc46591f48f6f96b22547e06d10c09b0c1091f58da3ccf900d12227e0
generated: "2021-11-16T00:12:54.998126-05:00"
