dependencies:
- name: volsync
  repository: https://backube.github.io/helm-charts/
  version: 0.9.0
- name: snapscheduler
  repository: https://backube.github.io/helm-charts/
  version: 3.3.0
digest: sha256:c55f3c71414999118c4a8eb1421bf9cf9f5d3cdfe5c99764281b810ad68a0f5b
generated: "2024-03-20T19:53:57.341313935Z"
