dependencies:
- name: volsync
  repository: https://backube.github.io/helm-charts/
  version: 0.8.0
- name: snapscheduler
  repository: https://backube.github.io/helm-charts/
  version: 3.3.0
digest: sha256:89b646606d89006275b4b598f1836ab1c38f165e1ed02e242bc30514744f07f4
generated: "2023-11-13T17:48:21.503549824Z"
