dependencies:
- name: volsync
  repository: https://backube.github.io/helm-charts/
  version: 0.5.0
- name: snapscheduler
  repository: https://backube.github.io/helm-charts/
  version: 3.2.0
digest: sha256:20fccf21eb26679147d816ec7f9d9ca6df6fcb8d4c4504375534dca54c9a2dcc
generated: "2022-12-15T19:47:36.87563-05:00"
