dependencies:
- name: home-assistant
  repository: https://k8s-at-home.com/charts/
  version: 11.0.5
- name: backup
  repository: file://../../base/charts/backup
  version: 1.0.0
digest: sha256:6113826336eb1ec1b6a4a27db0e856bf249327b7c5613aaeb62e3cbf48915bfc
generated: "2021-12-07T19:10:19.877971-05:00"
