dependencies:
- name: rook-ceph
  repository: https://charts.rook.io/release
  version: v1.12.3
- name: rook-ceph-cluster
  repository: https://charts.rook.io/release
  version: v1.12.4
digest: sha256:fda9c7370aaf3df058e7586ca8084ce10bc1af324318b347a6d78e17289f8592
generated: "2023-09-15T02:16:03.101510711Z"
