dependencies:
- name: rook-ceph
  repository: https://charts.rook.io/release
  version: v1.12.0
- name: rook-ceph-cluster
  repository: https://charts.rook.io/release
  version: v1.12.1
digest: sha256:d57bc6712bf6c0f4737ead5e12489658a62b02cc5789bc0cd28069e4bd746365
generated: "2023-08-01T22:38:08.159965869Z"
